
Microsoft Visual Studio Solution File, Format Version 12.00
# Visual Studio Version 16
VisualStudioVersion = 16.0.30011.22
MinimumVisualStudioVersion = 10.0.40219.1
Project("{FAE04EC0-301F-11D3-BF4B-00C04F79EFBC}") = "databaseTesting", "databaseTesting\databaseTesting.csproj", "{DACE997E-368A-4BAD-A464-7505BD62FD3C}"
EndProject
Global
	GlobalSection(SolutionConfigurationPlatforms) = preSolution
		Debug|Any CPU = Debug|Any CPU
		Release|Any CPU = Release|Any CPU
	EndGlobalSection
	GlobalSection(ProjectConfigurationPlatforms) = postSolution
		{DACE997E-368A-4BAD-A464-7505BD62FD3C}.Debug|Any CPU.ActiveCfg = Debug|Any CPU
		{DACE997E-368A-4BAD-A464-7505BD62FD3C}.Debug|Any CPU.Build.0 = Debug|Any CPU
		{DACE997E-368A-4BAD-A464-7505BD62FD3C}.Release|Any CPU.ActiveCfg = Release|Any CPU
		{DACE997E-368A-4BAD-A464-7505BD62FD3C}.Release|Any CPU.Build.0 = Release|Any CPU
	EndGlobalSection
	GlobalSection(SolutionProperties) = preSolution
		HideSolutionNode = FALSE
	EndGlobalSection
	GlobalSection(ExtensibilityGlobals) = postSolution
		SolutionGuid = {4C304E81-921E-473A-9980-EB42F0175223}
	EndGlobalSection
EndGlobal
